
Microsoft Visual Studio Solution File, Format Version 12.00
# Visual Studio Version 16
VisualStudioVersion = 16.0.30611.23
MinimumVisualStudioVersion = 10.0.40219.1
Project("{FAE04EC0-301F-11D3-BF4B-00C04F79EFBC}") = "RtspViewer", "RtspViewer\RtspViewer.csproj", "{2A309639-C02B-484B-BD5B-8E600FCE9105}"
EndProject
Project("{FAE04EC0-301F-11D3-BF4B-00C04F79EFBC}") = "RtspViewer.Terminal", "RtspViewer.Terminal\RtspViewer.Terminal.csproj", "{D1038202-2538-42CA-98B8-944E65D229F4}"
EndProject
Project("{FAE04EC0-301F-11D3-BF4B-00C04F79EFBC}") = "RtspViewer.Forms", "RtspViewer.Forms\RtspViewer.Forms.csproj", "{0B1C1215-A4EE-4132-9A24-875E9D662B98}"
EndProject
Global
	GlobalSection(SolutionConfigurationPlatforms) = preSolution
		Debug|Any CPU = Debug|Any CPU
		Release|Any CPU = Release|Any CPU
	EndGlobalSection
	GlobalSection(ProjectConfigurationPlatforms) = postSolution
		{2A309639-C02B-484B-BD5B-8E600FCE9105}.Debug|Any CPU.ActiveCfg = Debug|Any CPU
		{2A309639-C02B-484B-BD5B-8E600FCE9105}.Debug|Any CPU.Build.0 = Debug|Any CPU
		{2A309639-C02B-484B-BD5B-8E600FCE9105}.Release|Any CPU.ActiveCfg = Release|Any CPU
		{2A309639-C02B-484B-BD5B-8E600FCE9105}.Release|Any CPU.Build.0 = Release|Any CPU
		{D1038202-2538-42CA-98B8-944E65D229F4}.Debug|Any CPU.ActiveCfg = Debug|Any CPU
		{D1038202-2538-42CA-98B8-944E65D229F4}.Debug|Any CPU.Build.0 = Debug|Any CPU
		{D1038202-2538-42CA-98B8-944E65D229F4}.Release|Any CPU.ActiveCfg = Release|Any CPU
		{D1038202-2538-42CA-98B8-944E65D229F4}.Release|Any CPU.Build.0 = Release|Any CPU
		{0B1C1215-A4EE-4132-9A24-875E9D662B98}.Debug|Any CPU.ActiveCfg = Debug|Any CPU
		{0B1C1215-A4EE-4132-9A24-875E9D662B98}.Debug|Any CPU.Build.0 = Debug|Any CPU
		{0B1C1215-A4EE-4132-9A24-875E9D662B98}.Release|Any CPU.ActiveCfg = Release|Any CPU
		{0B1C1215-A4EE-4132-9A24-875E9D662B98}.Release|Any CPU.Build.0 = Release|Any CPU
	EndGlobalSection
	GlobalSection(SolutionProperties) = preSolution
		HideSolutionNode = FALSE
	EndGlobalSection
	GlobalSection(ExtensibilityGlobals) = postSolution
		SolutionGuid = {8561D200-6A7E-46A2-9294-3D551F90AFC0}
	EndGlobalSection
EndGlobal
